[[dependencies]]
name = "@openzeppelin-contracts"
version = "5.0.1"
source = "https://soldeer-revisions.s3.amazonaws.com/@openzeppelin-contracts/5_0_1_22-01-2024_13:14:01_contracts.zip"
checksum = "c256cbf6f5f38d3b65c7528bbffb530d0bdb818a20c9d5b61235a829202d7df7"
integrity = "2715e571a596c789cea577cefb5d106374b348b8d820f0cd132b2079930e8d53"

[[dependencies]]
name = "forge-std"
version = "1.8.2"
source = "https://soldeer-revisions.s3.amazonaws.com/forge-std/1_8_2_19-05-2024_18:52:07_forge-std-1.8.2.zip"
checksum = "88a37e1d79f60b8aad08c7bd50a7a5ef973fc172b1495028d0725a17f5a4976c"
integrity = "005d13162f962867adda27f706b5c338a75c101b6bdb595449b91e244a712013"

[[dependencies]]
name = "forge-std"
version = "1.9.2"
source = "https://soldeer-revisions.s3.amazonaws.com/forge-std/1_9_2_06-08-2024_17:31:25_forge-std-1.9.2.zip"
checksum = "20fd008c7c69b6c737cc0284469d1c76497107bc3e004d8381f6d8781cb27980"
integrity = "24ce0efdcac51acec2e7bd787d5133907c5ac6c3fac40c9a2de7cac65245341a"
