[[dependencies]]
name = "@openzeppelin-contracts"
version = "5.0.1"
source = "https://soldeer-revisions.s3.amazonaws.com/@openzeppelin-contracts/5_0_1_22-01-2024_13:14:01_contracts.zip"
checksum = "c256cbf6f5f38d3b65c7528bbffb530d0bdb818a20c9d5b61235a829202d7df7"
integrity = "5fdfb4f12341a5e100bc0b2ec13ebaafcb633c1d5c268f83458c68063de1df74"

[[dependencies]]
name = "forge-std"
version = "1.8.2"
source = "https://soldeer-revisions.s3.amazonaws.com/forge-std/1_8_2_19-05-2024_18:52:07_forge-std-1.8.2.zip"
checksum = "88a37e1d79f60b8aad08c7bd50a7a5ef973fc172b1495028d0725a17f5a4976c"
integrity = "449e127806c5c863d0e61a41fa9aef21908069f8b484f9007e863b2c3f3fe9ec"
